
Microsoft Visual Studio Solution File, Format Version 12.00
# Visual Studio Version 17
VisualStudioVersion = 17.7.34018.315
MinimumVisualStudioVersion = 10.0.40219.1
Project("{FAE04EC0-301F-11D3-BF4B-00C04F79EFBC}") = "STIMULUS_V2.Server", "Server\STIMULUS_V2.Server.csproj", "{A0A94E97-BD40-4C21-98A2-BF1725B9C16F}"
EndProject
Project("{FAE04EC0-301F-11D3-BF4B-00C04F79EFBC}") = "STIMULUS_V2.Client", "Client\STIMULUS_V2.Client.csproj", "{7CB32FA3-7EB5-4234-80E0-0CB78EEE6803}"
EndProject
Project("{FAE04EC0-301F-11D3-BF4B-00C04F79EFBC}") = "STIMULUS_V2.Shared", "Shared\STIMULUS_V2.Shared.csproj", "{18D58F99-5025-4A94-B6EC-7AF3D3BDE2F8}"
EndProject
Global
	GlobalSection(SolutionConfigurationPlatforms) = preSolution
		Debug|Any CPU = Debug|Any CPU
		Release|Any CPU = Release|Any CPU
	EndGlobalSection
	GlobalSection(ProjectConfigurationPlatforms) = postSolution
		{A0A94E97-BD40-4C21-98A2-BF1725B9C16F}.Debug|Any CPU.ActiveCfg = Debug|Any CPU
		{A0A94E97-BD40-4C21-98A2-BF1725B9C16F}.Debug|Any CPU.Build.0 = Debug|Any CPU
		{A0A94E97-BD40-4C21-98A2-BF1725B9C16F}.Release|Any CPU.ActiveCfg = Release|Any CPU
		{A0A94E97-BD40-4C21-98A2-BF1725B9C16F}.Release|Any CPU.Build.0 = Release|Any CPU
		{7CB32FA3-7EB5-4234-80E0-0CB78EEE6803}.Debug|Any CPU.ActiveCfg = Debug|Any CPU
		{7CB32FA3-7EB5-4234-80E0-0CB78EEE6803}.Debug|Any CPU.Build.0 = Debug|Any CPU
		{7CB32FA3-7EB5-4234-80E0-0CB78EEE6803}.Release|Any CPU.ActiveCfg = Release|Any CPU
		{7CB32FA3-7EB5-4234-80E0-0CB78EEE6803}.Release|Any CPU.Build.0 = Release|Any CPU
		{18D58F99-5025-4A94-B6EC-7AF3D3BDE2F8}.Debug|Any CPU.ActiveCfg = Debug|Any CPU
		{18D58F99-5025-4A94-B6EC-7AF3D3BDE2F8}.Debug|Any CPU.Build.0 = Debug|Any CPU
		{18D58F99-5025-4A94-B6EC-7AF3D3BDE2F8}.Release|Any CPU.ActiveCfg = Release|Any CPU
		{18D58F99-5025-4A94-B6EC-7AF3D3BDE2F8}.Release|Any CPU.Build.0 = Release|Any CPU
	EndGlobalSection
	GlobalSection(SolutionProperties) = preSolution
		HideSolutionNode = FALSE
	EndGlobalSection
	GlobalSection(ExtensibilityGlobals) = postSolution
		SolutionGuid = {8F69052B-9225-45FF-9379-DA238522F144}
	EndGlobalSection
EndGlobal
